// !$*UTF8*$!
{
	archiveVersion = 1;
	classes = {
	};
	objectVersion = 56;
	objects = {

/* Begin PBXBuildFile section */
		0B5FA69E2AA4D2BE00B17347 /* KeychainSwift in Frameworks */ = {isa = PBXBuildFile; productRef = 0B5FA69D2AA4D2BE00B17347 /* KeychainSwift */; };
		0B5FA6A12AA4D9AD00B17347 /* MainAuthenticationViewController.swift in Sources */ = {isa = PBXBuildFile; fileRef = 0B5FA6A02AA4D9AD00B17347 /* MainAuthenticationViewController.swift */; };
		0B5FA6A32AA4DAA300B17347 /* MainAuthenticationViewModel.swift in Sources */ = {isa = PBXBuildFile; fileRef = 0B5FA6A22AA4DAA300B17347 /* MainAuthenticationViewModel.swift */; };
		0B5FA6A62AA4DC5800B17347 /* RxKakaoSDK in Frameworks */ = {isa = PBXBuildFile; productRef = 0B5FA6A52AA4DC5800B17347 /* RxKakaoSDK */; };
		0B5FA6A82AA4DC5800B17347 /* RxKakaoSDKAuth in Frameworks */ = {isa = PBXBuildFile; productRef = 0B5FA6A72AA4DC5800B17347 /* RxKakaoSDKAuth */; };
		0B5FA6AA2AA4DC5800B17347 /* RxKakaoSDKCommon in Frameworks */ = {isa = PBXBuildFile; productRef = 0B5FA6A92AA4DC5800B17347 /* RxKakaoSDKCommon */; };
		0B5FA6AC2AA4DC5800B17347 /* RxKakaoSDKFriend in Frameworks */ = {isa = PBXBuildFile; productRef = 0B5FA6AB2AA4DC5800B17347 /* RxKakaoSDKFriend */; };
		0B5FA6AE2AA4DC5800B17347 /* RxKakaoSDKShare in Frameworks */ = {isa = PBXBuildFile; productRef = 0B5FA6AD2AA4DC5800B17347 /* RxKakaoSDKShare */; };
		0B5FA6B22AA4DF8800B17347 /* Bundle+Extensions.swift in Sources */ = {isa = PBXBuildFile; fileRef = 0B5FA6B12AA4DF8800B17347 /* Bundle+Extensions.swift */; };
		0B5FA6B42AA4E5CD00B17347 /* DEBUG-Keys.plist in Resources */ = {isa = PBXBuildFile; fileRef = 0B5FA6B32AA4E5CD00B17347 /* DEBUG-Keys.plist */; };
		0B5FA6B62AA4E60F00B17347 /* PROD-Keys.plist in Resources */ = {isa = PBXBuildFile; fileRef = 0B5FA6B52AA4E60F00B17347 /* PROD-Keys.plist */; };
		0B5FA6B82AA4E68A00B17347 /* BASE-Keys.plist in Resources */ = {isa = PBXBuildFile; fileRef = 0B5FA6B72AA4E68A00B17347 /* BASE-Keys.plist */; };
		0B5FA6BB2AA4EE2D00B17347 /* UIViewController+Extensions.swift in Sources */ = {isa = PBXBuildFile; fileRef = 0B5FA6BA2AA4EE2D00B17347 /* UIViewController+Extensions.swift */; };
		0B5FA6BD2AA4F4B000B17347 /* RxKakaoSDKUser in Frameworks */ = {isa = PBXBuildFile; productRef = 0B5FA6BC2AA4F4B000B17347 /* RxKakaoSDKUser */; };
		0B5FA6BF2AA4FBFF00B17347 /* Enums.swift in Sources */ = {isa = PBXBuildFile; fileRef = 0B5FA6BE2AA4FBFF00B17347 /* Enums.swift */; };
		0B5FA6C12AA4FD9C00B17347 /* Response.swift in Sources */ = {isa = PBXBuildFile; fileRef = 0B5FA6C02AA4FD9C00B17347 /* Response.swift */; };
		0B5FA6C32AA4FDCE00B17347 /* Error.swift in Sources */ = {isa = PBXBuildFile; fileRef = 0B5FA6C22AA4FDCE00B17347 /* Error.swift */; };
		0B7F187F2A8D3BC500B5D7C1 /* AppDelegate.swift in Sources */ = {isa = PBXBuildFile; fileRef = 0B7F187E2A8D3BC500B5D7C1 /* AppDelegate.swift */; };
		0B7F18812A8D3BC500B5D7C1 /* SceneDelegate.swift in Sources */ = {isa = PBXBuildFile; fileRef = 0B7F18802A8D3BC500B5D7C1 /* SceneDelegate.swift */; };
		0B7F18832A8D3BC500B5D7C1 /* ViewController.swift in Sources */ = {isa = PBXBuildFile; fileRef = 0B7F18822A8D3BC500B5D7C1 /* ViewController.swift */; };
		0B7F18882A8D3BCA00B5D7C1 /* Assets.xcassets in Resources */ = {isa = PBXBuildFile; fileRef = 0B7F18872A8D3BCA00B5D7C1 /* Assets.xcassets */; };
		0B7F188B2A8D3BCA00B5D7C1 /* LaunchScreen.storyboard in Resources */ = {isa = PBXBuildFile; fileRef = 0B7F18892A8D3BCA00B5D7C1 /* LaunchScreen.storyboard */; };
		0B7F18962A8D3BCA00B5D7C1 /* NEOAppTests.swift in Sources */ = {isa = PBXBuildFile; fileRef = 0B7F18952A8D3BCA00B5D7C1 /* NEOAppTests.swift */; };
		0B7F18A02A8D3BCA00B5D7C1 /* NEOAppUITests.swift in Sources */ = {isa = PBXBuildFile; fileRef = 0B7F189F2A8D3BCA00B5D7C1 /* NEOAppUITests.swift */; };
		0B7F18A22A8D3BCA00B5D7C1 /* NEOAppUITestsLaunchTests.swift in Sources */ = {isa = PBXBuildFile; fileRef = 0B7F18A12A8D3BCA00B5D7C1 /* NEOAppUITestsLaunchTests.swift */; };
		0B7F18B02A8D3C3600B5D7C1 /* Alamofire in Frameworks */ = {isa = PBXBuildFile; productRef = 0B7F18AF2A8D3C3600B5D7C1 /* Alamofire */; };
		0B7F18B32A8D3C4E00B5D7C1 /* SnapKit in Frameworks */ = {isa = PBXBuildFile; productRef = 0B7F18B22A8D3C4E00B5D7C1 /* SnapKit */; };
		0B7F18B62A8D3C7100B5D7C1 /* Then in Frameworks */ = {isa = PBXBuildFile; productRef = 0B7F18B52A8D3C7100B5D7C1 /* Then */; };
		0B7F18BE2A8D3FAD00B5D7C1 /* RxBlocking in Frameworks */ = {isa = PBXBuildFile; productRef = 0B7F18BD2A8D3FAD00B5D7C1 /* RxBlocking */; };
		0B7F18C02A8D3FAD00B5D7C1 /* RxCocoa in Frameworks */ = {isa = PBXBuildFile; productRef = 0B7F18BF2A8D3FAD00B5D7C1 /* RxCocoa */; };
		0B7F18C22A8D3FAD00B5D7C1 /* RxRelay in Frameworks */ = {isa = PBXBuildFile; productRef = 0B7F18C12A8D3FAD00B5D7C1 /* RxRelay */; };
		0B7F18C42A8D3FAD00B5D7C1 /* RxSwift in Frameworks */ = {isa = PBXBuildFile; productRef = 0B7F18C32A8D3FAD00B5D7C1 /* RxSwift */; };
		0B7F18C62A8D3FAD00B5D7C1 /* RxTest in Frameworks */ = {isa = PBXBuildFile; productRef = 0B7F18C52A8D3FAD00B5D7C1 /* RxTest */; };
		0BA0A03E2A90EA300096B287 /* Environment.swift in Sources */ = {isa = PBXBuildFile; fileRef = 0BA0A03D2A90EA300096B287 /* Environment.swift */; };
		0BA0A0412A90EAF30096B287 /* Base.swift in Sources */ = {isa = PBXBuildFile; fileRef = 0BA0A0402A90EAF30096B287 /* Base.swift */; };
		0BA0A0432A90EBF80096B287 /* Paths.swift in Sources */ = {isa = PBXBuildFile; fileRef = 0BA0A0422A90EBF80096B287 /* Paths.swift */; };
		0BA0A0452A90EC550096B287 /* URLRequestBuilder.swift in Sources */ = {isa = PBXBuildFile; fileRef = 0BA0A0442A90EC550096B287 /* URLRequestBuilder.swift */; };
		0BA0A0472A90EDC60096B287 /* Service.swift in Sources */ = {isa = PBXBuildFile; fileRef = 0BA0A0462A90EDC60096B287 /* Service.swift */; };
		0BA0A04C2A90FB610096B287 /* ExampleDTO.swift in Sources */ = {isa = PBXBuildFile; fileRef = 0BA0A04B2A90FB610096B287 /* ExampleDTO.swift */; };
		0BA0A04E2A90FB6D0096B287 /* ExampleRequestDTO.swift in Sources */ = {isa = PBXBuildFile; fileRef = 0BA0A04D2A90FB6D0096B287 /* ExampleRequestDTO.swift */; };
		0BA0A0502A90FC020096B287 /* ExampleModel.swift in Sources */ = {isa = PBXBuildFile; fileRef = 0BA0A04F2A90FC020096B287 /* ExampleModel.swift */; };
		0BA0A05A2A9105DE0096B287 /* ExampleService.swift in Sources */ = {isa = PBXBuildFile; fileRef = 0BA0A0592A9105DE0096B287 /* ExampleService.swift */; };
		0BA0A05C2A9107AC0096B287 /* ExampleRepository.swift in Sources */ = {isa = PBXBuildFile; fileRef = 0BA0A05B2A9107AC0096B287 /* ExampleRepository.swift */; };
		0BA0A05F2A910A030096B287 /* ExampleRequest.swift in Sources */ = {isa = PBXBuildFile; fileRef = 0BA0A05E2A910A030096B287 /* ExampleRequest.swift */; };
		0BA0A0672A9123970096B287 /* ExampleInteractors.swift in Sources */ = {isa = PBXBuildFile; fileRef = 0BA0A0662A9123970096B287 /* ExampleInteractors.swift */; };
/* End PBXBuildFile section */

/* Begin PBXContainerItemProxy section */
		0B7F18922A8D3BCA00B5D7C1 /* PBXContainerItemProxy */ = {
			isa = PBXContainerItemProxy;
			containerPortal = 0B7F18732A8D3BC500B5D7C1 /* Project object */;
			proxyType = 1;
			remoteGlobalIDString = 0B7F187A2A8D3BC500B5D7C1;
			remoteInfo = NEOApp;
		};
		0B7F189C2A8D3BCA00B5D7C1 /* PBXContainerItemProxy */ = {
			isa = PBXContainerItemProxy;
			containerPortal = 0B7F18732A8D3BC500B5D7C1 /* Project object */;
			proxyType = 1;
			remoteGlobalIDString = 0B7F187A2A8D3BC500B5D7C1;
			remoteInfo = NEOApp;
		};
/* End PBXContainerItemProxy section */

/* Begin PBXCopyFilesBuildPhase section */
		0BA0A0362A90E6D60096B287 /* Embed Foundation Extensions */ = {
			isa = PBXCopyFilesBuildPhase;
			buildActionMask = 2147483647;
			dstPath = "";
			dstSubfolderSpec = 13;
			files = (
			);
			name = "Embed Foundation Extensions";
			runOnlyForDeploymentPostprocessing = 0;
		};
/* End PBXCopyFilesBuildPhase section */

/* Begin PBXFileReference section */
		0B5FA6A02AA4D9AD00B17347 /* MainAuthenticationViewController.swift */ = {isa = PBXFileReference; lastKnownFileType = sourcecode.swift; path = MainAuthenticationViewController.swift; sourceTree = "<group>"; };
		0B5FA6A22AA4DAA300B17347 /* MainAuthenticationViewModel.swift */ = {isa = PBXFileReference; lastKnownFileType = sourcecode.swift; path = MainAuthenticationViewModel.swift; sourceTree = "<group>"; };
		0B5FA6B12AA4DF8800B17347 /* Bundle+Extensions.swift */ = {isa = PBXFileReference; lastKnownFileType = sourcecode.swift; path = "Bundle+Extensions.swift"; sourceTree = "<group>"; };
		0B5FA6B32AA4E5CD00B17347 /* DEBUG-Keys.plist */ = {isa = PBXFileReference; lastKnownFileType = text.plist.xml; path = "DEBUG-Keys.plist"; sourceTree = "<group>"; };
		0B5FA6B52AA4E60F00B17347 /* PROD-Keys.plist */ = {isa = PBXFileReference; lastKnownFileType = text.plist.xml; path = "PROD-Keys.plist"; sourceTree = "<group>"; };
		0B5FA6B72AA4E68A00B17347 /* BASE-Keys.plist */ = {isa = PBXFileReference; lastKnownFileType = text.plist.xml; path = "BASE-Keys.plist"; sourceTree = "<group>"; };
		0B5FA6BA2AA4EE2D00B17347 /* UIViewController+Extensions.swift */ = {isa = PBXFileReference; lastKnownFileType = sourcecode.swift; path = "UIViewController+Extensions.swift"; sourceTree = "<group>"; };
		0B5FA6BE2AA4FBFF00B17347 /* Enums.swift */ = {isa = PBXFileReference; lastKnownFileType = sourcecode.swift; path = Enums.swift; sourceTree = "<group>"; };
		0B5FA6C02AA4FD9C00B17347 /* Response.swift */ = {isa = PBXFileReference; lastKnownFileType = sourcecode.swift; path = Response.swift; sourceTree = "<group>"; };
		0B5FA6C22AA4FDCE00B17347 /* Error.swift */ = {isa = PBXFileReference; lastKnownFileType = sourcecode.swift; path = Error.swift; sourceTree = "<group>"; };
		0B7F187B2A8D3BC500B5D7C1 /* NEOApp.app */ = {isa = PBXFileReference; explicitFileType = wrapper.application; includeInIndex = 0; path = NEOApp.app; sourceTree = BUILT_PRODUCTS_DIR; };
		0B7F187E2A8D3BC500B5D7C1 /* AppDelegate.swift */ = {isa = PBXFileReference; lastKnownFileType = sourcecode.swift; path = AppDelegate.swift; sourceTree = "<group>"; };
		0B7F18802A8D3BC500B5D7C1 /* SceneDelegate.swift */ = {isa = PBXFileReference; lastKnownFileType = sourcecode.swift; path = SceneDelegate.swift; sourceTree = "<group>"; };
		0B7F18822A8D3BC500B5D7C1 /* ViewController.swift */ = {isa = PBXFileReference; lastKnownFileType = sourcecode.swift; path = ViewController.swift; sourceTree = "<group>"; };
		0B7F18872A8D3BCA00B5D7C1 /* Assets.xcassets */ = {isa = PBXFileReference; lastKnownFileType = folder.assetcatalog; path = Assets.xcassets; sourceTree = "<group>"; };
		0B7F188A2A8D3BCA00B5D7C1 /* Base */ = {isa = PBXFileReference; lastKnownFileType = file.storyboard; name = Base; path = Base.lproj/LaunchScreen.storyboard; sourceTree = "<group>"; };
		0B7F188C2A8D3BCA00B5D7C1 /* Info.plist */ = {isa = PBXFileReference; lastKnownFileType = text.plist.xml; path = Info.plist; sourceTree = "<group>"; };
		0B7F18912A8D3BCA00B5D7C1 /* NEOAppTests.xctest */ = {isa = PBXFileReference; explicitFileType = wrapper.cfbundle; includeInIndex = 0; path = NEOAppTests.xctest; sourceTree = BUILT_PRODUCTS_DIR; };
		0B7F18952A8D3BCA00B5D7C1 /* NEOAppTests.swift */ = {isa = PBXFileReference; lastKnownFileType = sourcecode.swift; path = NEOAppTests.swift; sourceTree = "<group>"; };
		0B7F189B2A8D3BCA00B5D7C1 /* NEOAppUITests.xctest */ = {isa = PBXFileReference; explicitFileType = wrapper.cfbundle; includeInIndex = 0; path = NEOAppUITests.xctest; sourceTree = BUILT_PRODUCTS_DIR; };
		0B7F189F2A8D3BCA00B5D7C1 /* NEOAppUITests.swift */ = {isa = PBXFileReference; lastKnownFileType = sourcecode.swift; path = NEOAppUITests.swift; sourceTree = "<group>"; };
		0B7F18A12A8D3BCA00B5D7C1 /* NEOAppUITestsLaunchTests.swift */ = {isa = PBXFileReference; lastKnownFileType = sourcecode.swift; path = NEOAppUITestsLaunchTests.swift; sourceTree = "<group>"; };
		0BA0A03D2A90EA300096B287 /* Environment.swift */ = {isa = PBXFileReference; lastKnownFileType = sourcecode.swift; path = Environment.swift; sourceTree = "<group>"; };
		0BA0A0402A90EAF30096B287 /* Base.swift */ = {isa = PBXFileReference; lastKnownFileType = sourcecode.swift; path = Base.swift; sourceTree = "<group>"; };
		0BA0A0422A90EBF80096B287 /* Paths.swift */ = {isa = PBXFileReference; lastKnownFileType = sourcecode.swift; path = Paths.swift; sourceTree = "<group>"; };
		0BA0A0442A90EC550096B287 /* URLRequestBuilder.swift */ = {isa = PBXFileReference; lastKnownFileType = sourcecode.swift; path = URLRequestBuilder.swift; sourceTree = "<group>"; };
		0BA0A0462A90EDC60096B287 /* Service.swift */ = {isa = PBXFileReference; lastKnownFileType = sourcecode.swift; path = Service.swift; sourceTree = "<group>"; };
		0BA0A04B2A90FB610096B287 /* ExampleDTO.swift */ = {isa = PBXFileReference; lastKnownFileType = sourcecode.swift; path = ExampleDTO.swift; sourceTree = "<group>"; };
		0BA0A04D2A90FB6D0096B287 /* ExampleRequestDTO.swift */ = {isa = PBXFileReference; lastKnownFileType = sourcecode.swift; path = ExampleRequestDTO.swift; sourceTree = "<group>"; };
		0BA0A04F2A90FC020096B287 /* ExampleModel.swift */ = {isa = PBXFileReference; lastKnownFileType = sourcecode.swift; path = ExampleModel.swift; sourceTree = "<group>"; };
		0BA0A0592A9105DE0096B287 /* ExampleService.swift */ = {isa = PBXFileReference; lastKnownFileType = sourcecode.swift; path = ExampleService.swift; sourceTree = "<group>"; };
		0BA0A05B2A9107AC0096B287 /* ExampleRepository.swift */ = {isa = PBXFileReference; lastKnownFileType = sourcecode.swift; path = ExampleRepository.swift; sourceTree = "<group>"; };
		0BA0A05E2A910A030096B287 /* ExampleRequest.swift */ = {isa = PBXFileReference; lastKnownFileType = sourcecode.swift; path = ExampleRequest.swift; sourceTree = "<group>"; };
		0BA0A0662A9123970096B287 /* ExampleInteractors.swift */ = {isa = PBXFileReference; lastKnownFileType = sourcecode.swift; path = ExampleInteractors.swift; sourceTree = "<group>"; };
/* End PBXFileReference section */

/* Begin PBXFrameworksBuildPhase section */
		0B7F18782A8D3BC500B5D7C1 /* Frameworks */ = {
			isa = PBXFrameworksBuildPhase;
			buildActionMask = 2147483647;
			files = (
				0B7F18C22A8D3FAD00B5D7C1 /* RxRelay in Frameworks */,
				0B7F18B02A8D3C3600B5D7C1 /* Alamofire in Frameworks */,
				0B7F18BE2A8D3FAD00B5D7C1 /* RxBlocking in Frameworks */,
				0B5FA6A82AA4DC5800B17347 /* RxKakaoSDKAuth in Frameworks */,
				0B7F18C02A8D3FAD00B5D7C1 /* RxCocoa in Frameworks */,
				0B7F18B62A8D3C7100B5D7C1 /* Then in Frameworks */,
				0B5FA6AA2AA4DC5800B17347 /* RxKakaoSDKCommon in Frameworks */,
				0B5FA6AC2AA4DC5800B17347 /* RxKakaoSDKFriend in Frameworks */,
				0B7F18B32A8D3C4E00B5D7C1 /* SnapKit in Frameworks */,
				0B5FA69E2AA4D2BE00B17347 /* KeychainSwift in Frameworks */,
				0B7F18C42A8D3FAD00B5D7C1 /* RxSwift in Frameworks */,
				0B5FA6A62AA4DC5800B17347 /* RxKakaoSDK in Frameworks */,
				0B5FA6BD2AA4F4B000B17347 /* RxKakaoSDKUser in Frameworks */,
				0B5FA6AE2AA4DC5800B17347 /* RxKakaoSDKShare in Frameworks */,
			);
			runOnlyForDeploymentPostprocessing = 0;
		};
		0B7F188E2A8D3BCA00B5D7C1 /* Frameworks */ = {
			isa = PBXFrameworksBuildPhase;
			buildActionMask = 2147483647;
			files = (
				0B7F18C62A8D3FAD00B5D7C1 /* RxTest in Frameworks */,
			);
			runOnlyForDeploymentPostprocessing = 0;
		};
		0B7F18982A8D3BCA00B5D7C1 /* Frameworks */ = {
			isa = PBXFrameworksBuildPhase;
			buildActionMask = 2147483647;
			files = (
			);
			runOnlyForDeploymentPostprocessing = 0;
		};
/* End PBXFrameworksBuildPhase section */

/* Begin PBXGroup section */
		0B5FA69F2AA4D90100B17347 /* Authentication */ = {
			isa = PBXGroup;
			children = (
				0B5FA6A02AA4D9AD00B17347 /* MainAuthenticationViewController.swift */,
				0B5FA6A22AA4DAA300B17347 /* MainAuthenticationViewModel.swift */,
			);
			path = Authentication;
			sourceTree = "<group>";
		};
		0B5FA6B02AA4DF7800B17347 /* Common */ = {
			isa = PBXGroup;
			children = (
				0B5FA6B12AA4DF8800B17347 /* Bundle+Extensions.swift */,
				0B5FA6BA2AA4EE2D00B17347 /* UIViewController+Extensions.swift */,
				0B5FA6BE2AA4FBFF00B17347 /* Enums.swift */,
				0B5FA6C02AA4FD9C00B17347 /* Response.swift */,
				0B5FA6C22AA4FDCE00B17347 /* Error.swift */,
			);
			path = Common;
			sourceTree = "<group>";
		};
		0B7F18722A8D3BC500B5D7C1 = {
			isa = PBXGroup;
			children = (
				0B7F187D2A8D3BC500B5D7C1 /* NEOApp */,
				0B7F18942A8D3BCA00B5D7C1 /* NEOAppTests */,
				0B7F189E2A8D3BCA00B5D7C1 /* NEOAppUITests */,
				0BA0A02B2A90E6D50096B287 /* Frameworks */,
				0B7F187C2A8D3BC500B5D7C1 /* Products */,
			);
			sourceTree = "<group>";
		};
		0B7F187C2A8D3BC500B5D7C1 /* Products */ = {
			isa = PBXGroup;
			children = (
				0B7F187B2A8D3BC500B5D7C1 /* NEOApp.app */,
				0B7F18912A8D3BCA00B5D7C1 /* NEOAppTests.xctest */,
				0B7F189B2A8D3BCA00B5D7C1 /* NEOAppUITests.xctest */,
			);
			name = Products;
			sourceTree = "<group>";
		};
		0B7F187D2A8D3BC500B5D7C1 /* NEOApp */ = {
			isa = PBXGroup;
			children = (
				0B5FA6B02AA4DF7800B17347 /* Common */,
				0BA0A0602A910FDF0096B287 /* Screens */,
				0BA0A0552A9104800096B287 /* Data */,
				0B7F18CB2A8D419800B5D7C1 /* Resources */,
				0B7F18CA2A8D40DB00B5D7C1 /* Models */,
				0B7F18C72A8D409F00B5D7C1 /* App */,
				0B7F18892A8D3BCA00B5D7C1 /* LaunchScreen.storyboard */,
				0B7F188C2A8D3BCA00B5D7C1 /* Info.plist */,
				0B5FA6B32AA4E5CD00B17347 /* DEBUG-Keys.plist */,
				0B5FA6B52AA4E60F00B17347 /* PROD-Keys.plist */,
				0B5FA6B72AA4E68A00B17347 /* BASE-Keys.plist */,
			);
			path = NEOApp;
			sourceTree = "<group>";
		};
		0B7F18942A8D3BCA00B5D7C1 /* NEOAppTests */ = {
			isa = PBXGroup;
			children = (
				0B7F18952A8D3BCA00B5D7C1 /* NEOAppTests.swift */,
			);
			path = NEOAppTests;
			sourceTree = "<group>";
		};
		0B7F189E2A8D3BCA00B5D7C1 /* NEOAppUITests */ = {
			isa = PBXGroup;
			children = (
				0B7F189F2A8D3BCA00B5D7C1 /* NEOAppUITests.swift */,
				0B7F18A12A8D3BCA00B5D7C1 /* NEOAppUITestsLaunchTests.swift */,
			);
			path = NEOAppUITests;
			sourceTree = "<group>";
		};
		0B7F18C72A8D409F00B5D7C1 /* App */ = {
			isa = PBXGroup;
			children = (
				0B7F18822A8D3BC500B5D7C1 /* ViewController.swift */,
				0B7F187E2A8D3BC500B5D7C1 /* AppDelegate.swift */,
				0B7F18802A8D3BC500B5D7C1 /* SceneDelegate.swift */,
			);
			path = App;
			sourceTree = "<group>";
		};
		0B7F18CA2A8D40DB00B5D7C1 /* Models */ = {
			isa = PBXGroup;
			children = (
				0BA0A04A2A90FB550096B287 /* Example */,
			);
			path = Models;
			sourceTree = "<group>";
		};
		0B7F18CB2A8D419800B5D7C1 /* Resources */ = {
			isa = PBXGroup;
			children = (
				0B7F18872A8D3BCA00B5D7C1 /* Assets.xcassets */,
			);
			path = Resources;
			sourceTree = "<group>";
		};
		0BA0A02B2A90E6D50096B287 /* Frameworks */ = {
			isa = PBXGroup;
			children = (
			);
			name = Frameworks;
			sourceTree = "<group>";
		};
		0BA0A03A2A90E9C60096B287 /* Network */ = {
			isa = PBXGroup;
			children = (
				0BA0A0512A90FD060096B287 /* Common */,
				0BA0A05E2A910A030096B287 /* ExampleRequest.swift */,
			);
			path = Network;
			sourceTree = "<group>";
		};
		0BA0A04A2A90FB550096B287 /* Example */ = {
			isa = PBXGroup;
			children = (
				0BA0A04F2A90FC020096B287 /* ExampleModel.swift */,
				0BA0A04B2A90FB610096B287 /* ExampleDTO.swift */,
				0BA0A04D2A90FB6D0096B287 /* ExampleRequestDTO.swift */,
			);
			path = Example;
			sourceTree = "<group>";
		};
		0BA0A0512A90FD060096B287 /* Common */ = {
			isa = PBXGroup;
			children = (
				0BA0A03D2A90EA300096B287 /* Environment.swift */,
				0BA0A0402A90EAF30096B287 /* Base.swift */,
				0BA0A0422A90EBF80096B287 /* Paths.swift */,
				0BA0A0462A90EDC60096B287 /* Service.swift */,
				0BA0A0442A90EC550096B287 /* URLRequestBuilder.swift */,
			);
			path = Common;
			sourceTree = "<group>";
		};
		0BA0A0552A9104800096B287 /* Data */ = {
			isa = PBXGroup;
			children = (
				0BA0A0582A9104D00096B287 /* Services */,
				0BA0A0572A9104B40096B287 /* Repositories */,
				0BA0A0562A9104A10096B287 /* Interactors */,
			);
			path = Data;
			sourceTree = "<group>";
		};
		0BA0A0562A9104A10096B287 /* Interactors */ = {
			isa = PBXGroup;
			children = (
				0BA0A0662A9123970096B287 /* ExampleInteractors.swift */,
			);
			path = Interactors;
			sourceTree = "<group>";
		};
		0BA0A0572A9104B40096B287 /* Repositories */ = {
			isa = PBXGroup;
			children = (
				0BA0A05B2A9107AC0096B287 /* ExampleRepository.swift */,
			);
			path = Repositories;
			sourceTree = "<group>";
		};
		0BA0A0582A9104D00096B287 /* Services */ = {
			isa = PBXGroup;
			children = (
				0BA0A03A2A90E9C60096B287 /* Network */,
				0BA0A0592A9105DE0096B287 /* ExampleService.swift */,
			);
			path = Services;
			sourceTree = "<group>";
		};
		0BA0A0602A910FDF0096B287 /* Screens */ = {
			isa = PBXGroup;
			children = (
				0B5FA69F2AA4D90100B17347 /* Authentication */,
			);
			path = Screens;
			sourceTree = "<group>";
		};
/* End PBXGroup section */

/* Begin PBXNativeTarget section */
		0B7F187A2A8D3BC500B5D7C1 /* NEOApp */ = {
			isa = PBXNativeTarget;
			buildConfigurationList = 0B7F18A52A8D3BCA00B5D7C1 /* Build configuration list for PBXNativeTarget "NEOApp" */;
			buildPhases = (
				0B7F18772A8D3BC500B5D7C1 /* Sources */,
				0B7F18782A8D3BC500B5D7C1 /* Frameworks */,
				0B7F18792A8D3BC500B5D7C1 /* Resources */,
				0BA0A0362A90E6D60096B287 /* Embed Foundation Extensions */,
				0BA0A0682A914FA80096B287 /* ShellScript */,
			);
			buildRules = (
			);
			dependencies = (
			);
			name = NEOApp;
			packageProductDependencies = (
				0B7F18AF2A8D3C3600B5D7C1 /* Alamofire */,
				0B7F18B22A8D3C4E00B5D7C1 /* SnapKit */,
				0B7F18B52A8D3C7100B5D7C1 /* Then */,
				0B7F18BD2A8D3FAD00B5D7C1 /* RxBlocking */,
				0B7F18BF2A8D3FAD00B5D7C1 /* RxCocoa */,
				0B7F18C12A8D3FAD00B5D7C1 /* RxRelay */,
				0B7F18C32A8D3FAD00B5D7C1 /* RxSwift */,
				0B5FA69D2AA4D2BE00B17347 /* KeychainSwift */,
				0B5FA6A52AA4DC5800B17347 /* RxKakaoSDK */,
				0B5FA6A72AA4DC5800B17347 /* RxKakaoSDKAuth */,
				0B5FA6A92AA4DC5800B17347 /* RxKakaoSDKCommon */,
				0B5FA6AB2AA4DC5800B17347 /* RxKakaoSDKFriend */,
				0B5FA6AD2AA4DC5800B17347 /* RxKakaoSDKShare */,
				0B5FA6BC2AA4F4B000B17347 /* RxKakaoSDKUser */,
			);
			productName = NEOApp;
			productReference = 0B7F187B2A8D3BC500B5D7C1 /* NEOApp.app */;
			productType = "com.apple.product-type.application";
		};
		0B7F18902A8D3BCA00B5D7C1 /* NEOAppTests */ = {
			isa = PBXNativeTarget;
			buildConfigurationList = 0B7F18A82A8D3BCA00B5D7C1 /* Build configuration list for PBXNativeTarget "NEOAppTests" */;
			buildPhases = (
				0B7F188D2A8D3BCA00B5D7C1 /* Sources */,
				0B7F188E2A8D3BCA00B5D7C1 /* Frameworks */,
				0B7F188F2A8D3BCA00B5D7C1 /* Resources */,
			);
			buildRules = (
			);
			dependencies = (
				0B7F18932A8D3BCA00B5D7C1 /* PBXTargetDependency */,
			);
			name = NEOAppTests;
			packageProductDependencies = (
				0B7F18C52A8D3FAD00B5D7C1 /* RxTest */,
			);
			productName = NEOAppTests;
			productReference = 0B7F18912A8D3BCA00B5D7C1 /* NEOAppTests.xctest */;
			productType = "com.apple.product-type.bundle.unit-test";
		};
		0B7F189A2A8D3BCA00B5D7C1 /* NEOAppUITests */ = {
			isa = PBXNativeTarget;
			buildConfigurationList = 0B7F18AB2A8D3BCA00B5D7C1 /* Build configuration list for PBXNativeTarget "NEOAppUITests" */;
			buildPhases = (
				0B7F18972A8D3BCA00B5D7C1 /* Sources */,
				0B7F18982A8D3BCA00B5D7C1 /* Frameworks */,
				0B7F18992A8D3BCA00B5D7C1 /* Resources */,
			);
			buildRules = (
			);
			dependencies = (
				0B7F189D2A8D3BCA00B5D7C1 /* PBXTargetDependency */,
			);
			name = NEOAppUITests;
			productName = NEOAppUITests;
			productReference = 0B7F189B2A8D3BCA00B5D7C1 /* NEOAppUITests.xctest */;
			productType = "com.apple.product-type.bundle.ui-testing";
		};
/* End PBXNativeTarget section */

/* Begin PBXProject section */
		0B7F18732A8D3BC500B5D7C1 /* Project object */ = {
			isa = PBXProject;
			attributes = {
				BuildIndependentTargetsInParallel = 1;
				LastSwiftUpdateCheck = 1500;
				LastUpgradeCheck = 1500;
				TargetAttributes = {
					0B7F187A2A8D3BC500B5D7C1 = {
						CreatedOnToolsVersion = 15.0;
					};
					0B7F18902A8D3BCA00B5D7C1 = {
						CreatedOnToolsVersion = 15.0;
						TestTargetID = 0B7F187A2A8D3BC500B5D7C1;
					};
					0B7F189A2A8D3BCA00B5D7C1 = {
						CreatedOnToolsVersion = 15.0;
						TestTargetID = 0B7F187A2A8D3BC500B5D7C1;
					};
				};
			};
			buildConfigurationList = 0B7F18762A8D3BC500B5D7C1 /* Build configuration list for PBXProject "NEOApp" */;
			compatibilityVersion = "Xcode 14.0";
			developmentRegion = en;
			hasScannedForEncodings = 0;
			knownRegions = (
				en,
				Base,
			);
			mainGroup = 0B7F18722A8D3BC500B5D7C1;
			packageReferences = (
				0B7F18AE2A8D3C3600B5D7C1 /* XCRemoteSwiftPackageReference "Alamofire" */,
				0B7F18B12A8D3C4E00B5D7C1 /* XCRemoteSwiftPackageReference "SnapKit" */,
				0B7F18B42A8D3C7100B5D7C1 /* XCRemoteSwiftPackageReference "Then" */,
				0B7F18BC2A8D3FAD00B5D7C1 /* XCRemoteSwiftPackageReference "RxSwift" */,
				0B5FA69C2AA4D2BE00B17347 /* XCRemoteSwiftPackageReference "keychain-swift" */,
				0B5FA6A42AA4DC5800B17347 /* XCRemoteSwiftPackageReference "kakao-ios-sdk-rx" */,
			);
			productRefGroup = 0B7F187C2A8D3BC500B5D7C1 /* Products */;
			projectDirPath = "";
			projectRoot = "";
			targets = (
				0B7F187A2A8D3BC500B5D7C1 /* NEOApp */,
				0B7F18902A8D3BCA00B5D7C1 /* NEOAppTests */,
				0B7F189A2A8D3BCA00B5D7C1 /* NEOAppUITests */,
			);
		};
/* End PBXProject section */

/* Begin PBXResourcesBuildPhase section */
		0B7F18792A8D3BC500B5D7C1 /* Resources */ = {
			isa = PBXResourcesBuildPhase;
			buildActionMask = 2147483647;
			files = (
				0B7F188B2A8D3BCA00B5D7C1 /* LaunchScreen.storyboard in Resources */,
				0B5FA6B82AA4E68A00B17347 /* BASE-Keys.plist in Resources */,
				0B5FA6B42AA4E5CD00B17347 /* DEBUG-Keys.plist in Resources */,
				0B5FA6B62AA4E60F00B17347 /* PROD-Keys.plist in Resources */,
				0B7F18882A8D3BCA00B5D7C1 /* Assets.xcassets in Resources */,
			);
			runOnlyForDeploymentPostprocessing = 0;
		};
		0B7F188F2A8D3BCA00B5D7C1 /* Resources */ = {
			isa = PBXResourcesBuildPhase;
			buildActionMask = 2147483647;
			files = (
			);
			runOnlyForDeploymentPostprocessing = 0;
		};
		0B7F18992A8D3BCA00B5D7C1 /* Resources */ = {
			isa = PBXResourcesBuildPhase;
			buildActionMask = 2147483647;
			files = (
			);
			runOnlyForDeploymentPostprocessing = 0;
		};
/* End PBXResourcesBuildPhase section */

/* Begin PBXShellScriptBuildPhase section */
		0BA0A0682A914FA80096B287 /* ShellScript */ = {
			isa = PBXShellScriptBuildPhase;
			buildActionMask = 2147483647;
			files = (
			);
			inputFileListPaths = (
			);
			inputPaths = (
			);
			outputFileListPaths = (
			);
			outputPaths = (
			);
			runOnlyForDeploymentPostprocessing = 0;
			shellPath = /bin/sh;
			shellScript = "if which swiftlint > /dev/null; then\n  swiftlint --fix & swiftlint\nelse\n  echo \"warning: SwiftLint not installed, download from https://github.com/realm/SwiftLint\"\nfi\n";
		};
/* End PBXShellScriptBuildPhase section */

/* Begin PBXSourcesBuildPhase section */
		0B7F18772A8D3BC500B5D7C1 /* Sources */ = {
			isa = PBXSourcesBuildPhase;
			buildActionMask = 2147483647;
			files = (
				0BA0A0452A90EC550096B287 /* URLRequestBuilder.swift in Sources */,
				0BA0A05C2A9107AC0096B287 /* ExampleRepository.swift in Sources */,
				0BA0A0472A90EDC60096B287 /* Service.swift in Sources */,
				0BA0A0432A90EBF80096B287 /* Paths.swift in Sources */,
				0B5FA6A12AA4D9AD00B17347 /* MainAuthenticationViewController.swift in Sources */,
				0BA0A04C2A90FB610096B287 /* ExampleDTO.swift in Sources */,
				0B5FA6A32AA4DAA300B17347 /* MainAuthenticationViewModel.swift in Sources */,
				0B7F18832A8D3BC500B5D7C1 /* ViewController.swift in Sources */,
				0BA0A03E2A90EA300096B287 /* Environment.swift in Sources */,
				0BA0A04E2A90FB6D0096B287 /* ExampleRequestDTO.swift in Sources */,
				0B5FA6BF2AA4FBFF00B17347 /* Enums.swift in Sources */,
				0B5FA6BB2AA4EE2D00B17347 /* UIViewController+Extensions.swift in Sources */,
				0BA0A05F2A910A030096B287 /* ExampleRequest.swift in Sources */,
				0B5FA6B22AA4DF8800B17347 /* Bundle+Extensions.swift in Sources */,
				0B5FA6C32AA4FDCE00B17347 /* Error.swift in Sources */,
				0BA0A0672A9123970096B287 /* ExampleInteractors.swift in Sources */,
				0B7F187F2A8D3BC500B5D7C1 /* AppDelegate.swift in Sources */,
				0BA0A0412A90EAF30096B287 /* Base.swift in Sources */,
				0BA0A05A2A9105DE0096B287 /* ExampleService.swift in Sources */,
				0B5FA6C12AA4FD9C00B17347 /* Response.swift in Sources */,
				0B7F18812A8D3BC500B5D7C1 /* SceneDelegate.swift in Sources */,
				0BA0A0502A90FC020096B287 /* ExampleModel.swift in Sources */,
			);
			runOnlyForDeploymentPostprocessing = 0;
		};
		0B7F188D2A8D3BCA00B5D7C1 /* Sources */ = {
			isa = PBXSourcesBuildPhase;
			buildActionMask = 2147483647;
			files = (
				0B7F18962A8D3BCA00B5D7C1 /* NEOAppTests.swift in Sources */,
			);
			runOnlyForDeploymentPostprocessing = 0;
		};
		0B7F18972A8D3BCA00B5D7C1 /* Sources */ = {
			isa = PBXSourcesBuildPhase;
			buildActionMask = 2147483647;
			files = (
				0B7F18A02A8D3BCA00B5D7C1 /* NEOAppUITests.swift in Sources */,
				0B7F18A22A8D3BCA00B5D7C1 /* NEOAppUITestsLaunchTests.swift in Sources */,
			);
			runOnlyForDeploymentPostprocessing = 0;
		};
/* End PBXSourcesBuildPhase section */

/* Begin PBXTargetDependency section */
		0B7F18932A8D3BCA00B5D7C1 /* PBXTargetDependency */ = {
			isa = PBXTargetDependency;
			target = 0B7F187A2A8D3BC500B5D7C1 /* NEOApp */;
			targetProxy = 0B7F18922A8D3BCA00B5D7C1 /* PBXContainerItemProxy */;
		};
		0B7F189D2A8D3BCA00B5D7C1 /* PBXTargetDependency */ = {
			isa = PBXTargetDependency;
			target = 0B7F187A2A8D3BC500B5D7C1 /* NEOApp */;
			targetProxy = 0B7F189C2A8D3BCA00B5D7C1 /* PBXContainerItemProxy */;
		};
/* End PBXTargetDependency section */

/* Begin PBXVariantGroup section */
		0B7F18892A8D3BCA00B5D7C1 /* LaunchScreen.storyboard */ = {
			isa = PBXVariantGroup;
			children = (
				0B7F188A2A8D3BCA00B5D7C1 /* Base */,
			);
			name = LaunchScreen.storyboard;
			sourceTree = "<group>";
		};
/* End PBXVariantGroup section */

/* Begin XCBuildConfiguration section */
		0B7F18A32A8D3BCA00B5D7C1 /* Debug */ = {
			isa = XCBuildConfiguration;
			buildSettings = {
				ALWAYS_SEARCH_USER_PATHS = NO;
				ASSETCATALOG_COMPILER_GENERATE_SWIFT_ASSET_SYMBOL_EXTENSIONS = YES;
				CLANG_ANALYZER_NONNULL = YES;
				CLANG_ANALYZER_NUMBER_OBJECT_CONVERSION = YES_AGGRESSIVE;
				CLANG_CXX_LANGUAGE_STANDARD = "gnu++20";
				CLANG_ENABLE_MODULES = YES;
				CLANG_ENABLE_OBJC_ARC = YES;
				CLANG_ENABLE_OBJC_WEAK = YES;
				CLANG_WARN_BLOCK_CAPTURE_AUTORELEASING = YES;
				CLANG_WARN_BOOL_CONVERSION = YES;
				CLANG_WARN_COMMA = YES;
				CLANG_WARN_CONSTANT_CONVERSION = YES;
				CLANG_WARN_DEPRECATED_OBJC_IMPLEMENTATIONS = YES;
				CLANG_WARN_DIRECT_OBJC_ISA_USAGE = YES_ERROR;
				CLANG_WARN_DOCUMENTATION_COMMENTS = YES;
				CLANG_WARN_EMPTY_BODY = YES;
				CLANG_WARN_ENUM_CONVERSION = YES;
				CLANG_WARN_INFINITE_RECURSION = YES;
				CLANG_WARN_INT_CONVERSION = YES;
				CLANG_WARN_NON_LITERAL_NULL_CONVERSION = YES;
				CLANG_WARN_OBJC_IMPLICIT_RETAIN_SELF = YES;
				CLANG_WARN_OBJC_LITERAL_CONVERSION = YES;
				CLANG_WARN_OBJC_ROOT_CLASS = YES_ERROR;
				CLANG_WARN_QUOTED_INCLUDE_IN_FRAMEWORK_HEADER = YES;
				CLANG_WARN_RANGE_LOOP_ANALYSIS = YES;
				CLANG_WARN_STRICT_PROTOTYPES = YES;
				CLANG_WARN_SUSPICIOUS_MOVE = YES;
				CLANG_WARN_UNGUARDED_AVAILABILITY = YES_AGGRESSIVE;
				CLANG_WARN_UNREACHABLE_CODE = YES;
				CLANG_WARN__DUPLICATE_METHOD_MATCH = YES;
				COPY_PHASE_STRIP = NO;
				DEBUG_INFORMATION_FORMAT = dwarf;
				ENABLE_STRICT_OBJC_MSGSEND = YES;
				ENABLE_TESTABILITY = YES;
				ENABLE_USER_SCRIPT_SANDBOXING = NO;
				GCC_C_LANGUAGE_STANDARD = gnu17;
				GCC_DYNAMIC_NO_PIC = NO;
				GCC_NO_COMMON_BLOCKS = YES;
				GCC_OPTIMIZATION_LEVEL = 0;
				GCC_PREPROCESSOR_DEFINITIONS = (
					"DEBUG=1",
					"$(inherited)",
				);
				GCC_WARN_64_TO_32_BIT_CONVERSION = YES;
				GCC_WARN_ABOUT_RETURN_TYPE = YES_ERROR;
				GCC_WARN_UNDECLARED_SELECTOR = YES;
				GCC_WARN_UNINITIALIZED_AUTOS = YES_AGGRESSIVE;
				GCC_WARN_UNUSED_FUNCTION = YES;
				GCC_WARN_UNUSED_VARIABLE = YES;
				IPHONEOS_DEPLOYMENT_TARGET = 17.0;
				LOCALIZATION_PREFERS_STRING_CATALOGS = YES;
				MTL_ENABLE_DEBUG_INFO = INCLUDE_SOURCE;
				MTL_FAST_MATH = YES;
				ONLY_ACTIVE_ARCH = YES;
				SDKROOT = iphoneos;
				SWIFT_ACTIVE_COMPILATION_CONDITIONS = "DEBUG $(inherited)";
				SWIFT_OPTIMIZATION_LEVEL = "-Onone";
			};
			name = Debug;
		};
		0B7F18A42A8D3BCA00B5D7C1 /* Release */ = {
			isa = XCBuildConfiguration;
			buildSettings = {
				ALWAYS_SEARCH_USER_PATHS = NO;
				ASSETCATALOG_COMPILER_GENERATE_SWIFT_ASSET_SYMBOL_EXTENSIONS = YES;
				CLANG_ANALYZER_NONNULL = YES;
				CLANG_ANALYZER_NUMBER_OBJECT_CONVERSION = YES_AGGRESSIVE;
				CLANG_CXX_LANGUAGE_STANDARD = "gnu++20";
				CLANG_ENABLE_MODULES = YES;
				CLANG_ENABLE_OBJC_ARC = YES;
				CLANG_ENABLE_OBJC_WEAK = YES;
				CLANG_WARN_BLOCK_CAPTURE_AUTORELEASING = YES;
				CLANG_WARN_BOOL_CONVERSION = YES;
				CLANG_WARN_COMMA = YES;
				CLANG_WARN_CONSTANT_CONVERSION = YES;
				CLANG_WARN_DEPRECATED_OBJC_IMPLEMENTATIONS = YES;
				CLANG_WARN_DIRECT_OBJC_ISA_USAGE = YES_ERROR;
				CLANG_WARN_DOCUMENTATION_COMMENTS = YES;
				CLANG_WARN_EMPTY_BODY = YES;
				CLANG_WARN_ENUM_CONVERSION = YES;
				CLANG_WARN_INFINITE_RECURSION = YES;
				CLANG_WARN_INT_CONVERSION = YES;
				CLANG_WARN_NON_LITERAL_NULL_CONVERSION = YES;
				CLANG_WARN_OBJC_IMPLICIT_RETAIN_SELF = YES;
				CLANG_WARN_OBJC_LITERAL_CONVERSION = YES;
				CLANG_WARN_OBJC_ROOT_CLASS = YES_ERROR;
				CLANG_WARN_QUOTED_INCLUDE_IN_FRAMEWORK_HEADER = YES;
				CLANG_WARN_RANGE_LOOP_ANALYSIS = YES;
				CLANG_WARN_STRICT_PROTOTYPES = YES;
				CLANG_WARN_SUSPICIOUS_MOVE = YES;
				CLANG_WARN_UNGUARDED_AVAILABILITY = YES_AGGRESSIVE;
				CLANG_WARN_UNREACHABLE_CODE = YES;
				CLANG_WARN__DUPLICATE_METHOD_MATCH = YES;
				COPY_PHASE_STRIP = NO;
				DEBUG_INFORMATION_FORMAT = "dwarf-with-dsym";
				ENABLE_NS_ASSERTIONS = NO;
				ENABLE_STRICT_OBJC_MSGSEND = YES;
				ENABLE_USER_SCRIPT_SANDBOXING = NO;
				GCC_C_LANGUAGE_STANDARD = gnu17;
				GCC_NO_COMMON_BLOCKS = YES;
				GCC_WARN_64_TO_32_BIT_CONVERSION = YES;
				GCC_WARN_ABOUT_RETURN_TYPE = YES_ERROR;
				GCC_WARN_UNDECLARED_SELECTOR = YES;
				GCC_WARN_UNINITIALIZED_AUTOS = YES_AGGRESSIVE;
				GCC_WARN_UNUSED_FUNCTION = YES;
				GCC_WARN_UNUSED_VARIABLE = YES;
				IPHONEOS_DEPLOYMENT_TARGET = 17.0;
				LOCALIZATION_PREFERS_STRING_CATALOGS = YES;
				MTL_ENABLE_DEBUG_INFO = NO;
				MTL_FAST_MATH = YES;
				SDKROOT = iphoneos;
				SWIFT_COMPILATION_MODE = wholemodule;
				VALIDATE_PRODUCT = YES;
			};
			name = Release;
		};
		0B7F18A62A8D3BCA00B5D7C1 /* Debug */ = {
			isa = XCBuildConfiguration;
			buildSettings = {
				ALWAYS_EMBED_SWIFT_STANDARD_LIBRARIES = YES;
				ASSETCATALOG_COMPILER_APPICON_NAME = AppIcon;
				ASSETCATALOG_COMPILER_GLOBAL_ACCENT_COLOR_NAME = AccentColor;
				CODE_SIGN_STYLE = Automatic;
				CURRENT_PROJECT_VERSION = 1;
				DEVELOPMENT_TEAM = LVBMDY357W;
				GENERATE_INFOPLIST_FILE = YES;
				INFOPLIST_FILE = NEOApp/Info.plist;
				INFOPLIST_KEY_UIApplicationSupportsIndirectInputEvents = YES;
				INFOPLIST_KEY_UILaunchStoryboardName = LaunchScreen;
				INFOPLIST_KEY_UISupportedInterfaceOrientations_iPad = "UIInterfaceOrientationPortrait UIInterfaceOrientationPortraitUpsideDown UIInterfaceOrientationLandscapeLeft UIInterfaceOrientationLandscapeRight";
				INFOPLIST_KEY_UISupportedInterfaceOrientations_iPhone = "UIInterfaceOrientationPortrait UIInterfaceOrientationLandscapeLeft UIInterfaceOrientationLandscapeRight";
				IPHONEOS_DEPLOYMENT_TARGET = 15.0;
				LD_RUNPATH_SEARCH_PATHS = (
					"$(inherited)",
					"@executable_path/Frameworks",
				);
				MARKETING_VERSION = 1.0;
				PRODUCT_BUNDLE_IDENTIFIER = com.NEO.NEOApp;
				PRODUCT_NAME = "$(TARGET_NAME)";
				SUPPORTED_PLATFORMS = "iphoneos iphonesimulator";
				SUPPORTS_MACCATALYST = NO;
				SUPPORTS_MAC_DESIGNED_FOR_IPHONE_IPAD = NO;
				SUPPORTS_XR_DESIGNED_FOR_IPHONE_IPAD = NO;
				SWIFT_EMIT_LOC_STRINGS = YES;
				SWIFT_VERSION = 5.0;
				TARGETED_DEVICE_FAMILY = "1,2";
			};
			name = Debug;
		};
		0B7F18A72A8D3BCA00B5D7C1 /* Release */ = {
			isa = XCBuildConfiguration;
			buildSettings = {
				ALWAYS_EMBED_SWIFT_STANDARD_LIBRARIES = YES;
				ASSETCATALOG_COMPILER_APPICON_NAME = AppIcon;
				ASSETCATALOG_COMPILER_GLOBAL_ACCENT_COLOR_NAME = AccentColor;
				CODE_SIGN_STYLE = Automatic;
				CURRENT_PROJECT_VERSION = 1;
				DEVELOPMENT_TEAM = LVBMDY357W;
				GENERATE_INFOPLIST_FILE = YES;
				INFOPLIST_FILE = NEOApp/Info.plist;
				INFOPLIST_KEY_UIApplicationSupportsIndirectInputEvents = YES;
				INFOPLIST_KEY_UILaunchStoryboardName = LaunchScreen;
				INFOPLIST_KEY_UISupportedInterfaceOrientations_iPad = "UIInterfaceOrientationPortrait UIInterfaceOrientationPortraitUpsideDown UIInterfaceOrientationLandscapeLeft UIInterfaceOrientationLandscapeRight";
				INFOPLIST_KEY_UISupportedInterfaceOrientations_iPhone = "UIInterfaceOrientationPortrait UIInterfaceOrientationLandscapeLeft UIInterfaceOrientationLandscapeRight";
				IPHONEOS_DEPLOYMENT_TARGET = 15.0;
				LD_RUNPATH_SEARCH_PATHS = (
					"$(inherited)",
					"@executable_path/Frameworks",
				);
				MARKETING_VERSION = 1.0;
				PRODUCT_BUNDLE_IDENTIFIER = com.NEO.NEOApp;
				PRODUCT_NAME = "$(TARGET_NAME)";
				SUPPORTED_PLATFORMS = "iphoneos iphonesimulator";
				SUPPORTS_MACCATALYST = NO;
				SUPPORTS_MAC_DESIGNED_FOR_IPHONE_IPAD = NO;
				SUPPORTS_XR_DESIGNED_FOR_IPHONE_IPAD = NO;
				SWIFT_EMIT_LOC_STRINGS = YES;
				SWIFT_VERSION = 5.0;
				TARGETED_DEVICE_FAMILY = "1,2";
			};
			name = Release;
		};
		0B7F18A92A8D3BCA00B5D7C1 /* Debug */ = {
			isa = XCBuildConfiguration;
			buildSettings = {
				ALWAYS_EMBED_SWIFT_STANDARD_LIBRARIES = YES;
				BUNDLE_LOADER = "$(TEST_HOST)";
				CODE_SIGN_STYLE = Automatic;
				CURRENT_PROJECT_VERSION = 1;
				DEVELOPMENT_TEAM = LVBMDY357W;
				GENERATE_INFOPLIST_FILE = YES;
				IPHONEOS_DEPLOYMENT_TARGET = 17.0;
				MARKETING_VERSION = 1.0;
				PRODUCT_BUNDLE_IDENTIFIER = com.NEO.NEOAppTests;
				PRODUCT_NAME = "$(TARGET_NAME)";
				SWIFT_EMIT_LOC_STRINGS = NO;
				SWIFT_VERSION = 5.0;
				TARGETED_DEVICE_FAMILY = "1,2";
				TEST_HOST = "$(BUILT_PRODUCTS_DIR)/NEOApp.app/$(BUNDLE_EXECUTABLE_FOLDER_PATH)/NEOApp";
			};
			name = Debug;
		};
		0B7F18AA2A8D3BCA00B5D7C1 /* Release */ = {
			isa = XCBuildConfiguration;
			buildSettings = {
				ALWAYS_EMBED_SWIFT_STANDARD_LIBRARIES = YES;
				BUNDLE_LOADER = "$(TEST_HOST)";
				CODE_SIGN_STYLE = Automatic;
				CURRENT_PROJECT_VERSION = 1;
				DEVELOPMENT_TEAM = LVBMDY357W;
				GENERATE_INFOPLIST_FILE = YES;
				IPHONEOS_DEPLOYMENT_TARGET = 17.0;
				MARKETING_VERSION = 1.0;
				PRODUCT_BUNDLE_IDENTIFIER = com.NEO.NEOAppTests;
				PRODUCT_NAME = "$(TARGET_NAME)";
				SWIFT_EMIT_LOC_STRINGS = NO;
				SWIFT_VERSION = 5.0;
				TARGETED_DEVICE_FAMILY = "1,2";
				TEST_HOST = "$(BUILT_PRODUCTS_DIR)/NEOApp.app/$(BUNDLE_EXECUTABLE_FOLDER_PATH)/NEOApp";
			};
			name = Release;
		};
		0B7F18AC2A8D3BCA00B5D7C1 /* Debug */ = {
			isa = XCBuildConfiguration;
			buildSettings = {
				ALWAYS_EMBED_SWIFT_STANDARD_LIBRARIES = YES;
				CODE_SIGN_STYLE = Automatic;
				CURRENT_PROJECT_VERSION = 1;
				DEVELOPMENT_TEAM = LVBMDY357W;
				GENERATE_INFOPLIST_FILE = YES;
				MARKETING_VERSION = 1.0;
				PRODUCT_BUNDLE_IDENTIFIER = com.NEO.NEOAppUITests;
				PRODUCT_NAME = "$(TARGET_NAME)";
				SWIFT_EMIT_LOC_STRINGS = NO;
				SWIFT_VERSION = 5.0;
				TARGETED_DEVICE_FAMILY = "1,2";
				TEST_TARGET_NAME = NEOApp;
			};
			name = Debug;
		};
		0B7F18AD2A8D3BCA00B5D7C1 /* Release */ = {
			isa = XCBuildConfiguration;
			buildSettings = {
				ALWAYS_EMBED_SWIFT_STANDARD_LIBRARIES = YES;
				CODE_SIGN_STYLE = Automatic;
				CURRENT_PROJECT_VERSION = 1;
				DEVELOPMENT_TEAM = LVBMDY357W;
				GENERATE_INFOPLIST_FILE = YES;
				MARKETING_VERSION = 1.0;
				PRODUCT_BUNDLE_IDENTIFIER = com.NEO.NEOAppUITests;
				PRODUCT_NAME = "$(TARGET_NAME)";
				SWIFT_EMIT_LOC_STRINGS = NO;
				SWIFT_VERSION = 5.0;
				TARGETED_DEVICE_FAMILY = "1,2";
				TEST_TARGET_NAME = NEOApp;
			};
			name = Release;
		};
/* End XCBuildConfiguration section */

/* Begin XCConfigurationList section */
		0B7F18762A8D3BC500B5D7C1 /* Build configuration list for PBXProject "NEOApp" */ = {
			isa = XCConfigurationList;
			buildConfigurations = (
				0B7F18A32A8D3BCA00B5D7C1 /* Debug */,
				0B7F18A42A8D3BCA00B5D7C1 /* Release */,
			);
			defaultConfigurationIsVisible = 0;
			defaultConfigurationName = Release;
		};
		0B7F18A52A8D3BCA00B5D7C1 /* Build configuration list for PBXNativeTarget "NEOApp" */ = {
			isa = XCConfigurationList;
			buildConfigurations = (
				0B7F18A62A8D3BCA00B5D7C1 /* Debug */,
				0B7F18A72A8D3BCA00B5D7C1 /* Release */,
			);
			defaultConfigurationIsVisible = 0;
			defaultConfigurationName = Release;
		};
		0B7F18A82A8D3BCA00B5D7C1 /* Build configuration list for PBXNativeTarget "NEOAppTests" */ = {
			isa = XCConfigurationList;
			buildConfigurations = (
				0B7F18A92A8D3BCA00B5D7C1 /* Debug */,
				0B7F18AA2A8D3BCA00B5D7C1 /* Release */,
			);
			defaultConfigurationIsVisible = 0;
			defaultConfigurationName = Release;
		};
		0B7F18AB2A8D3BCA00B5D7C1 /* Build configuration list for PBXNativeTarget "NEOAppUITests" */ = {
			isa = XCConfigurationList;
			buildConfigurations = (
				0B7F18AC2A8D3BCA00B5D7C1 /* Debug */,
				0B7F18AD2A8D3BCA00B5D7C1 /* Release */,
			);
			defaultConfigurationIsVisible = 0;
			defaultConfigurationName = Release;
		};
/* End XCConfigurationList section */

/* Begin XCRemoteSwiftPackageReference section */
		0B5FA69C2AA4D2BE00B17347 /* XCRemoteSwiftPackageReference "keychain-swift" */ = {
			isa = XCRemoteSwiftPackageReference;
			repositoryURL = "https://github.com/evgenyneu/keychain-swift.git";
			requirement = {
				kind = upToNextMajorVersion;
				minimumVersion = 20.0.0;
			};
		};
		0B5FA6A42AA4DC5800B17347 /* XCRemoteSwiftPackageReference "kakao-ios-sdk-rx" */ = {
			isa = XCRemoteSwiftPackageReference;
			repositoryURL = "https://github.com/kakao/kakao-ios-sdk-rx";
			requirement = {
				kind = upToNextMajorVersion;
				minimumVersion = 2.16.0;
			};
		};
		0B7F18AE2A8D3C3600B5D7C1 /* XCRemoteSwiftPackageReference "Alamofire" */ = {
			isa = XCRemoteSwiftPackageReference;
			repositoryURL = "https://github.com/Alamofire/Alamofire";
			requirement = {
				kind = upToNextMajorVersion;
				minimumVersion = 5.7.1;
			};
		};
		0B7F18B12A8D3C4E00B5D7C1 /* XCRemoteSwiftPackageReference "SnapKit" */ = {
			isa = XCRemoteSwiftPackageReference;
			repositoryURL = "https://github.com/SnapKit/SnapKit.git";
			requirement = {
				kind = upToNextMajorVersion;
				minimumVersion = 5.6.0;
			};
		};
		0B7F18B42A8D3C7100B5D7C1 /* XCRemoteSwiftPackageReference "Then" */ = {
			isa = XCRemoteSwiftPackageReference;
			repositoryURL = "https://github.com/devxoul/Then.git";
			requirement = {
				kind = upToNextMajorVersion;
				minimumVersion = 3.0.0;
			};
		};
		0B7F18BC2A8D3FAD00B5D7C1 /* XCRemoteSwiftPackageReference "RxSwift" */ = {
			isa = XCRemoteSwiftPackageReference;
			repositoryURL = "https://github.com/ReactiveX/RxSwift.git";
			requirement = {
				kind = upToNextMajorVersion;
				minimumVersion = 6.6.0;
			};
		};
/* End XCRemoteSwiftPackageReference section */

/* Begin XCSwiftPackageProductDependency section */
		0B5FA69D2AA4D2BE00B17347 /* KeychainSwift */ = {
			isa = XCSwiftPackageProductDependency;
			package = 0B5FA69C2AA4D2BE00B17347 /* XCRemoteSwiftPackageReference "keychain-swift" */;
			productName = KeychainSwift;
		};
		0B5FA6A52AA4DC5800B17347 /* RxKakaoSDK */ = {
			isa = XCSwiftPackageProductDependency;
			package = 0B5FA6A42AA4DC5800B17347 /* XCRemoteSwiftPackageReference "kakao-ios-sdk-rx" */;
			productName = RxKakaoSDK;
		};
		0B5FA6A72AA4DC5800B17347 /* RxKakaoSDKAuth */ = {
			isa = XCSwiftPackageProductDependency;
			package = 0B5FA6A42AA4DC5800B17347 /* XCRemoteSwiftPackageReference "kakao-ios-sdk-rx" */;
			productName = RxKakaoSDKAuth;
		};
		0B5FA6A92AA4DC5800B17347 /* RxKakaoSDKCommon */ = {
			isa = XCSwiftPackageProductDependency;
			package = 0B5FA6A42AA4DC5800B17347 /* XCRemoteSwiftPackageReference "kakao-ios-sdk-rx" */;
			productName = RxKakaoSDKCommon;
		};
		0B5FA6AB2AA4DC5800B17347 /* RxKakaoSDKFriend */ = {
			isa = XCSwiftPackageProductDependency;
			package = 0B5FA6A42AA4DC5800B17347 /* XCRemoteSwiftPackageReference "kakao-ios-sdk-rx" */;
			productName = RxKakaoSDKFriend;
		};
		0B5FA6AD2AA4DC5800B17347 /* RxKakaoSDKShare */ = {
			isa = XCSwiftPackageProductDependency;
			package = 0B5FA6A42AA4DC5800B17347 /* XCRemoteSwiftPackageReference "kakao-ios-sdk-rx" */;
			productName = RxKakaoSDKShare;
		};
		0B5FA6BC2AA4F4B000B17347 /* RxKakaoSDKUser */ = {
			isa = XCSwiftPackageProductDependency;
			package = 0B5FA6A42AA4DC5800B17347 /* XCRemoteSwiftPackageReference "kakao-ios-sdk-rx" */;
			productName = RxKakaoSDKUser;
		};
		0B7F18AF2A8D3C3600B5D7C1 /* Alamofire */ = {
			isa = XCSwiftPackageProductDependency;
			package = 0B7F18AE2A8D3C3600B5D7C1 /* XCRemoteSwiftPackageReference "Alamofire" */;
			productName = Alamofire;
		};
		0B7F18B22A8D3C4E00B5D7C1 /* SnapKit */ = {
			isa = XCSwiftPackageProductDependency;
			package = 0B7F18B12A8D3C4E00B5D7C1 /* XCRemoteSwiftPackageReference "SnapKit" */;
			productName = SnapKit;
		};
		0B7F18B52A8D3C7100B5D7C1 /* Then */ = {
			isa = XCSwiftPackageProductDependency;
			package = 0B7F18B42A8D3C7100B5D7C1 /* XCRemoteSwiftPackageReference "Then" */;
			productName = Then;
		};
		0B7F18BD2A8D3FAD00B5D7C1 /* RxBlocking */ = {
			isa = XCSwiftPackageProductDependency;
			package = 0B7F18BC2A8D3FAD00B5D7C1 /* XCRemoteSwiftPackageReference "RxSwift" */;
			productName = RxBlocking;
		};
		0B7F18BF2A8D3FAD00B5D7C1 /* RxCocoa */ = {
			isa = XCSwiftPackageProductDependency;
			package = 0B7F18BC2A8D3FAD00B5D7C1 /* XCRemoteSwiftPackageReference "RxSwift" */;
			productName = RxCocoa;
		};
		0B7F18C12A8D3FAD00B5D7C1 /* RxRelay */ = {
			isa = XCSwiftPackageProductDependency;
			package = 0B7F18BC2A8D3FAD00B5D7C1 /* XCRemoteSwiftPackageReference "RxSwift" */;
			productName = RxRelay;
		};
		0B7F18C32A8D3FAD00B5D7C1 /* RxSwift */ = {
			isa = XCSwiftPackageProductDependency;
			package = 0B7F18BC2A8D3FAD00B5D7C1 /* XCRemoteSwiftPackageReference "RxSwift" */;
			productName = RxSwift;
		};
		0B7F18C52A8D3FAD00B5D7C1 /* RxTest */ = {
			isa = XCSwiftPackageProductDependency;
			package = 0B7F18BC2A8D3FAD00B5D7C1 /* XCRemoteSwiftPackageReference "RxSwift" */;
			productName = RxTest;
		};
/* End XCSwiftPackageProductDependency section */
	};
	rootObject = 0B7F18732A8D3BC500B5D7C1 /* Project object */;
}
